
Microsoft Visual Studio Solution File, Format Version 12.00
# Visual Studio Version 16
VisualStudioVersion = 16.0.32126.315
MinimumVisualStudioVersion = 10.0.40219.1
Project("{FAE04EC0-301F-11D3-BF4B-00C04F79EFBC}") = "WebkitBuildOptionsGenerator", "WebkitBuildOptionsGenerator.csproj", "{B5FFC4B8-074A-4864-9D26-F43AE1870B7C}"
EndProject
Global
	GlobalSection(SolutionConfigurationPlatforms) = preSolution
		Debug|Any CPU = Debug|Any CPU
		Release|Any CPU = Release|Any CPU
	EndGlobalSection
	GlobalSection(ProjectConfigurationPlatforms) = postSolution
		{B5FFC4B8-074A-4864-9D26-F43AE1870B7C}.Debug|Any CPU.ActiveCfg = Debug|Any CPU
		{B5FFC4B8-074A-4864-9D26-F43AE1870B7C}.Debug|Any CPU.Build.0 = Debug|Any CPU
		{B5FFC4B8-074A-4864-9D26-F43AE1870B7C}.Release|Any CPU.ActiveCfg = Release|Any CPU
		{B5FFC4B8-074A-4864-9D26-F43AE1870B7C}.Release|Any CPU.Build.0 = Release|Any CPU
	EndGlobalSection
	GlobalSection(SolutionProperties) = preSolution
		HideSolutionNode = FALSE
	EndGlobalSection
	GlobalSection(ExtensibilityGlobals) = postSolution
		SolutionGuid = {2DDCFEEA-93AE-43B1-80DF-B00540B15C03}
	EndGlobalSection
EndGlobal
